{
    "_readme": [
        "This file locks the dependencies of your project to a known state",
        "Read more about it at https://getcomposer.org/doc/01-basic-usage.md#installing-dependencies",
        "This file is @generated automatically"
    ],
    "content-hash": "3fb8fbe9a958aab35303000c0688d4cd",
    "packages": [
        {
            "name": "phpxmlrpc/phpxmlrpc",
            "version": "4.11.0",
            "source": {
                "type": "git",
                "url": "https://github.com/gggeek/phpxmlrpc.git",
                "reference": "e50480272493d90dd4aca9fb861a9b9ce0ef4729"
            },
            "dist": {
                "type": "zip",
                "url": "https://api.github.com/repos/gggeek/phpxmlrpc/zipball/e50480272493d90dd4aca9fb861a9b9ce0ef4729",
                "reference": "e50480272493d90dd4aca9fb861a9b9ce0ef4729",
                "shasum": ""
            },
            "require": {
                "ext-xml": "*",
                "php": "^5.4.0 || ^7.0 || ^8.0"
            },
            "conflict": {
                "phpxmlrpc/extras": "<= 1.0.0-beta2",
                "phpxmlrpc/jsonrpc": "<= 1.0.0-beta1"
            },
            "require-dev": {
                "ext-curl": "*",
                "ext-dom": "*",
                "ext-mbstring": "*",
                "phpunit/phpunit": "^4.8 || ^5.0 || ^8.5.14",
                "phpunit/phpunit-selenium": "*",
                "yoast/phpunit-polyfills": "*"
            },
            "suggest": {
                "ext-curl": "Needed for HTTPS, HTTP2 and HTTP 1.1 support, NTLM Auth etc...",
                "ext-mbstring": "Needed to allow reception of requests/responses in character sets other than ASCII,LATIN-1,UTF-8",
                "ext-zlib": "Needed for sending compressed requests and receiving compressed responses, if cURL is not available",
                "phpxmlrpc/extras": "Adds more featured Server classes, including self-documenting and ajax-enabled servers",
                "phpxmlrpc/jsonrpc": "Adds support for the JSON-RPC protocol"
            },
            "type": "library",
            "autoload": {
                "psr-4": {
                    "PhpXmlRpc\\": "src/"
                }
            },
            "notification-url": "https://packagist.org/downloads/",
            "license": [
                "BSD-3-Clause"
            ],
            "description": "A php library for building xmlrpc clients and servers",
            "homepage": "https://gggeek.github.io/phpxmlrpc/",
            "keywords": [
                "webservices",
                "xml-rpc",
                "xmlrpc"
            ],
            "support": {
                "issues": "https://github.com/gggeek/phpxmlrpc/issues",
                "source": "https://github.com/gggeek/phpxmlrpc/tree/4.11.0"
            },
            "time": "2024-09-07T14:44:05+00:00"
        },
        {
            "name": "rcarvs/ripcord",
            "version": "dev-master",
            "source": {
                "type": "git",
                "url": "https://github.com/rcarvs/Ripcord.git",
                "reference": "2ee7aee62d3d5c47e97b45a2e85eb09816c7a12c"
            },
            "dist": {
                "type": "zip",
                "url": "https://api.github.com/repos/rcarvs/Ripcord/zipball/2ee7aee62d3d5c47e97b45a2e85eb09816c7a12c",
                "reference": "2ee7aee62d3d5c47e97b45a2e85eb09816c7a12c",
                "shasum": ""
            },
            "require": {
                "php": ">=5.4",
                "phpxmlrpc/phpxmlrpc": "^4.11"
            },
            "require-dev": {
                "friendsofphp/php-cs-fixer": "^2.14@dev"
            },
            "default-branch": true,
            "type": "library",
            "autoload": {
                "psr-4": {
                    "Ripcord\\": "src/Ripcord"
                }
            },
            "notification-url": "https://packagist.org/downloads/",
            "license": [
                "MIT"
            ],
            "authors": [
                {
                    "name": "rcarvs"
                }
            ],
            "description": "RPC client and server around PHP's xmlrpc library but without XMLRPC extension necessity",
            "keywords": [
                "rpc",
                "xml",
                "xmlrpc"
            ],
            "support": {
                "source": "https://github.com/rcarvs/Ripcord/tree/master"
            },
            "funding": [
                {
                    "url": "https://github.com/DarkaOnLine",
                    "type": "github"
                }
            ],
            "time": "2024-09-23T14:34:04+00:00"
        }
    ],
    "packages-dev": [
        {
            "name": "kint-php/kint",
            "version": "3.3",
            "source": {
                "type": "git",
                "url": "https://github.com/kint-php/kint.git",
                "reference": "335ac1bcaf04d87df70d8aa51e8887ba2c6d203b"
            },
            "dist": {
                "type": "zip",
                "url": "https://api.github.com/repos/kint-php/kint/zipball/335ac1bcaf04d87df70d8aa51e8887ba2c6d203b",
                "reference": "335ac1bcaf04d87df70d8aa51e8887ba2c6d203b",
                "shasum": ""
            },
            "require": {
                "php": ">=5.3.6"
            },
            "require-dev": {
                "friendsofphp/php-cs-fixer": "^2.0",
                "phpunit/phpunit": "^4.0",
                "seld/phar-utils": "^1.0",
                "symfony/finder": "^2.0 || ^3.0 || ^4.0",
                "vimeo/psalm": "^3.0"
            },
            "suggest": {
                "ext-ctype": "Simple data type tests",
                "ext-iconv": "Provides fallback detection for ambiguous legacy string encodings such as the Windows and ISO 8859 code pages",
                "ext-mbstring": "Provides string encoding detection",
                "kint-php/kint-js": "Provides a simplified dump to console.log()",
                "kint-php/kint-twig": "Provides d() and s() functions in twig templates",
                "symfony/polyfill-ctype": "Replacement for ext-ctype if missing",
                "symfony/polyfill-iconv": "Replacement for ext-iconv if missing",
                "symfony/polyfill-mbstring": "Replacement for ext-mbstring if missing"
            },
            "type": "library",
            "autoload": {
                "files": [
                    "init.php"
                ],
                "psr-4": {
                    "Kint\\": "src/"
                }
            },
            "notification-url": "https://packagist.org/downloads/",
            "license": [
                "MIT"
            ],
            "authors": [
                {
                    "name": "Jonathan Vollebregt",
                    "homepage": "https://github.com/jnvsor"
                },
                {
                    "name": "Rokas Šleinius",
                    "homepage": "https://github.com/raveren"
                },
                {
                    "name": "Contributors",
                    "homepage": "https://github.com/kint-php/kint/graphs/contributors"
                }
            ],
            "description": "Kint - debugging tool for PHP developers",
            "homepage": "https://kint-php.github.io/kint/",
            "keywords": [
                "debug",
                "kint",
                "php"
            ],
            "time": "2019-10-17T18:05:24+00:00"
        }
    ],
    "aliases": [],
    "minimum-stability": "stable",
    "stability-flags": {
        "rcarvs/ripcord": 20
    },
    "prefer-stable": false,
    "prefer-lowest": false,
    "platform": {
        "php": ">=7.0"
    },
    "platform-dev": [],
    "plugin-api-version": "2.6.0"
}
